
Microsoft Visual Studio Solution File, Format Version 12.00
# Visual Studio 15
VisualStudioVersion = 15.0.27004.2010
MinimumVisualStudioVersion = 10.0.40219.1
Project("{FAE04EC0-301F-11D3-BF4B-00C04F79EFBC}") = "LinQModule", "LinQModule\LinQModule.csproj", "{F08AB157-0666-4CFE-85D5-6DA754E6CA91}"
EndProject
Project("{FAE04EC0-301F-11D3-BF4B-00C04F79EFBC}") = "EntitiesLibrary", "EntitiesLibrary\EntitiesLibrary.csproj", "{6410CDAF-A0CA-4C54-B5BC-47BFB52AECF0}"
EndProject
Global
	GlobalSection(SolutionConfigurationPlatforms) = preSolution
		Debug|Any CPU = Debug|Any CPU
		Release|Any CPU = Release|Any CPU
	EndGlobalSection
	GlobalSection(ProjectConfigurationPlatforms) = postSolution
		{F08AB157-0666-4CFE-85D5-6DA754E6CA91}.Debug|Any CPU.ActiveCfg = Debug|Any CPU
		{F08AB157-0666-4CFE-85D5-6DA754E6CA91}.Debug|Any CPU.Build.0 = Debug|Any CPU
		{F08AB157-0666-4CFE-85D5-6DA754E6CA91}.Release|Any CPU.ActiveCfg = Release|Any CPU
		{F08AB157-0666-4CFE-85D5-6DA754E6CA91}.Release|Any CPU.Build.0 = Release|Any CPU
		{6410CDAF-A0CA-4C54-B5BC-47BFB52AECF0}.Debug|Any CPU.ActiveCfg = Debug|Any CPU
		{6410CDAF-A0CA-4C54-B5BC-47BFB52AECF0}.Debug|Any CPU.Build.0 = Debug|Any CPU
		{6410CDAF-A0CA-4C54-B5BC-47BFB52AECF0}.Release|Any CPU.ActiveCfg = Release|Any CPU
		{6410CDAF-A0CA-4C54-B5BC-47BFB52AECF0}.Release|Any CPU.Build.0 = Release|Any CPU
	EndGlobalSection
	GlobalSection(SolutionProperties) = preSolution
		HideSolutionNode = FALSE
	EndGlobalSection
	GlobalSection(ExtensibilityGlobals) = postSolution
		SolutionGuid = {57CD6844-2310-49D8-AE65-057757417D29}
	EndGlobalSection
EndGlobal
